
Microsoft Visual Studio Solution File, Format Version 12.00
# Visual Studio Version 17
VisualStudioVersion = 17.3.33027.108
MinimumVisualStudioVersion = 10.0.40219.1
Project("{9A19103F-16F7-4668-BE54-9A1E7A4F7556}") = "Promgrammers", "Promgrammers\Promgrammers.csproj", "{AED2656B-F97C-46DC-B9D7-8343B66F38BD}"
EndProject
Project("{9A19103F-16F7-4668-BE54-9A1E7A4F7556}") = "ReportUser", "ReportUser\ReportUser.csproj", "{65F3F36B-07A1-46F1-8576-18B4EAC5FE85}"
EndProject
Project("{9A19103F-16F7-4668-BE54-9A1E7A4F7556}") = "PrivacyTerms", "PrivacyTerms\PrivacyTerms.csproj", "{84F8474A-73A3-48A8-BE4A-933C82B44D1A}"
EndProject
Project("{9A19103F-16F7-4668-BE54-9A1E7A4F7556}") = "TermsOfPrivacy", "TermsOfPrivacy\TermsOfPrivacy.csproj", "{0B08DD44-2499-4EF1-9F58-4966B4818C31}"
EndProject
Project("{9A19103F-16F7-4668-BE54-9A1E7A4F7556}") = "PrivacyTermSave", "PrivacyTermSave\PrivacyTermSave.csproj", "{3398C001-8EBB-4882-9BC0-E8E070276519}"
EndProject
Project("{9A19103F-16F7-4668-BE54-9A1E7A4F7556}") = "Run", "Run\Run.csproj", "{FACE75F4-CEB3-4693-87EE-9B600F3A18D0}"
EndProject
Project("{9A19103F-16F7-4668-BE54-9A1E7A4F7556}") = "ParkWalk", "ParkWalk\ParkWalk.csproj", "{3CAC0989-A73B-4E30-822B-1B710310331E}"
EndProject
Project("{9A19103F-16F7-4668-BE54-9A1E7A4F7556}") = "PersonalityTest", "PersonalityTest\PersonalityTest.csproj", "{D59A852D-3F30-47A6-BE8D-9C7C24F3C0FA}"
EndProject
Project("{9A19103F-16F7-4668-BE54-9A1E7A4F7556}") = "Hamburger", "Hamburger\Hamburger.csproj", "{E791FFD3-6108-4ED8-884D-3BEAF44F849D}"
EndProject
Project("{9A19103F-16F7-4668-BE54-9A1E7A4F7556}") = "PE", "PE\PE.csproj", "{94A9FF3B-0D38-4218-9775-94543C3E4D47}"
EndProject
Project("{9A19103F-16F7-4668-BE54-9A1E7A4F7556}") = "Keyboard", "Keyboard\Keyboard.csproj", "{935E6696-1EC7-4FB5-9736-14C3CEB09339}"
EndProject
Project("{9A19103F-16F7-4668-BE54-9A1E7A4F7556}") = "2016", "2016\2016.csproj", "{7C0D9C49-630E-48EF-A6F9-7945AFD4E17F}"
EndProject
Project("{9A19103F-16F7-4668-BE54-9A1E7A4F7556}") = "SecretKey", "SecretKey\SecretKey.csproj", "{0EAA22D4-3D21-40E2-9850-7EE31CD991F8}"
EndProject
Project("{9A19103F-16F7-4668-BE54-9A1E7A4F7556}") = "KnightsWeapon", "KnightsWeapon\KnightsWeapon.csproj", "{751840F6-B19A-49E7-B0A2-F879CC0F6935}"
EndProject
Project("{9A19103F-16F7-4668-BE54-9A1E7A4F7556}") = "Painting", "Painting\Painting.csproj", "{0D5783A4-D709-4730-A5D8-B139E727EF27}"
EndProject
Project("{9A19103F-16F7-4668-BE54-9A1E7A4F7556}") = "MaxAndMin", "MaxAndMin\MaxAndMin.csproj", "{D383A894-4682-4028-B0E6-F84A62F22E7B}"
EndProject
Project("{FAE04EC0-301F-11D3-BF4B-00C04F79EFBC}") = "PriorityQueue", "PriorityQueue\PriorityQueue.csproj", "{73805AF1-C9A1-4C15-BB4D-D576A31F69DF}"
EndProject
Global
	GlobalSection(SolutionConfigurationPlatforms) = preSolution
		Debug|Any CPU = Debug|Any CPU
		Release|Any CPU = Release|Any CPU
	EndGlobalSection
	GlobalSection(ProjectConfigurationPlatforms) = postSolution
		{AED2656B-F97C-46DC-B9D7-8343B66F38BD}.Debug|Any CPU.ActiveCfg = Debug|Any CPU
		{AED2656B-F97C-46DC-B9D7-8343B66F38BD}.Debug|Any CPU.Build.0 = Debug|Any CPU
		{AED2656B-F97C-46DC-B9D7-8343B66F38BD}.Release|Any CPU.ActiveCfg = Release|Any CPU
		{AED2656B-F97C-46DC-B9D7-8343B66F38BD}.Release|Any CPU.Build.0 = Release|Any CPU
		{65F3F36B-07A1-46F1-8576-18B4EAC5FE85}.Debug|Any CPU.ActiveCfg = Debug|Any CPU
		{65F3F36B-07A1-46F1-8576-18B4EAC5FE85}.Debug|Any CPU.Build.0 = Debug|Any CPU
		{65F3F36B-07A1-46F1-8576-18B4EAC5FE85}.Release|Any CPU.ActiveCfg = Release|Any CPU
		{65F3F36B-07A1-46F1-8576-18B4EAC5FE85}.Release|Any CPU.Build.0 = Release|Any CPU
		{84F8474A-73A3-48A8-BE4A-933C82B44D1A}.Debug|Any CPU.ActiveCfg = Debug|Any CPU
		{84F8474A-73A3-48A8-BE4A-933C82B44D1A}.Debug|Any CPU.Build.0 = Debug|Any CPU
		{84F8474A-73A3-48A8-BE4A-933C82B44D1A}.Release|Any CPU.ActiveCfg = Release|Any CPU
		{84F8474A-73A3-48A8-BE4A-933C82B44D1A}.Release|Any CPU.Build.0 = Release|Any CPU
		{0B08DD44-2499-4EF1-9F58-4966B4818C31}.Debug|Any CPU.ActiveCfg = Debug|Any CPU
		{0B08DD44-2499-4EF1-9F58-4966B4818C31}.Debug|Any CPU.Build.0 = Debug|Any CPU
		{0B08DD44-2499-4EF1-9F58-4966B4818C31}.Release|Any CPU.ActiveCfg = Release|Any CPU
		{0B08DD44-2499-4EF1-9F58-4966B4818C31}.Release|Any CPU.Build.0 = Release|Any CPU
		{3398C001-8EBB-4882-9BC0-E8E070276519}.Debug|Any CPU.ActiveCfg = Debug|Any CPU
		{3398C001-8EBB-4882-9BC0-E8E070276519}.Debug|Any CPU.Build.0 = Debug|Any CPU
		{3398C001-8EBB-4882-9BC0-E8E070276519}.Release|Any CPU.ActiveCfg = Release|Any CPU
		{3398C001-8EBB-4882-9BC0-E8E070276519}.Release|Any CPU.Build.0 = Release|Any CPU
		{FACE75F4-CEB3-4693-87EE-9B600F3A18D0}.Debug|Any CPU.ActiveCfg = Debug|Any CPU
		{FACE75F4-CEB3-4693-87EE-9B600F3A18D0}.Debug|Any CPU.Build.0 = Debug|Any CPU
		{FACE75F4-CEB3-4693-87EE-9B600F3A18D0}.Release|Any CPU.ActiveCfg = Release|Any CPU
		{FACE75F4-CEB3-4693-87EE-9B600F3A18D0}.Release|Any CPU.Build.0 = Release|Any CPU
		{3CAC0989-A73B-4E30-822B-1B710310331E}.Debug|Any CPU.ActiveCfg = Debug|Any CPU
		{3CAC0989-A73B-4E30-822B-1B710310331E}.Debug|Any CPU.Build.0 = Debug|Any CPU
		{3CAC0989-A73B-4E30-822B-1B710310331E}.Release|Any CPU.ActiveCfg = Release|Any CPU
		{3CAC0989-A73B-4E30-822B-1B710310331E}.Release|Any CPU.Build.0 = Release|Any CPU
		{D59A852D-3F30-47A6-BE8D-9C7C24F3C0FA}.Debug|Any CPU.ActiveCfg = Debug|Any CPU
		{D59A852D-3F30-47A6-BE8D-9C7C24F3C0FA}.Debug|Any CPU.Build.0 = Debug|Any CPU
		{D59A852D-3F30-47A6-BE8D-9C7C24F3C0FA}.Release|Any CPU.ActiveCfg = Release|Any CPU
		{D59A852D-3F30-47A6-BE8D-9C7C24F3C0FA}.Release|Any CPU.Build.0 = Release|Any CPU
		{E791FFD3-6108-4ED8-884D-3BEAF44F849D}.Debug|Any CPU.ActiveCfg = Debug|Any CPU
		{E791FFD3-6108-4ED8-884D-3BEAF44F849D}.Debug|Any CPU.Build.0 = Debug|Any CPU
		{E791FFD3-6108-4ED8-884D-3BEAF44F849D}.Release|Any CPU.ActiveCfg = Release|Any CPU
		{E791FFD3-6108-4ED8-884D-3BEAF44F849D}.Release|Any CPU.Build.0 = Release|Any CPU
		{94A9FF3B-0D38-4218-9775-94543C3E4D47}.Debug|Any CPU.ActiveCfg = Debug|Any CPU
		{94A9FF3B-0D38-4218-9775-94543C3E4D47}.Debug|Any CPU.Build.0 = Debug|Any CPU
		{94A9FF3B-0D38-4218-9775-94543C3E4D47}.Release|Any CPU.ActiveCfg = Release|Any CPU
		{94A9FF3B-0D38-4218-9775-94543C3E4D47}.Release|Any CPU.Build.0 = Release|Any CPU
		{935E6696-1EC7-4FB5-9736-14C3CEB09339}.Debug|Any CPU.ActiveCfg = Debug|Any CPU
		{935E6696-1EC7-4FB5-9736-14C3CEB09339}.Debug|Any CPU.Build.0 = Debug|Any CPU
		{935E6696-1EC7-4FB5-9736-14C3CEB09339}.Release|Any CPU.ActiveCfg = Release|Any CPU
		{935E6696-1EC7-4FB5-9736-14C3CEB09339}.Release|Any CPU.Build.0 = Release|Any CPU
		{7C0D9C49-630E-48EF-A6F9-7945AFD4E17F}.Debug|Any CPU.ActiveCfg = Debug|Any CPU
		{7C0D9C49-630E-48EF-A6F9-7945AFD4E17F}.Debug|Any CPU.Build.0 = Debug|Any CPU
		{7C0D9C49-630E-48EF-A6F9-7945AFD4E17F}.Release|Any CPU.ActiveCfg = Release|Any CPU
		{7C0D9C49-630E-48EF-A6F9-7945AFD4E17F}.Release|Any CPU.Build.0 = Release|Any CPU
		{0EAA22D4-3D21-40E2-9850-7EE31CD991F8}.Debug|Any CPU.ActiveCfg = Debug|Any CPU
		{0EAA22D4-3D21-40E2-9850-7EE31CD991F8}.Debug|Any CPU.Build.0 = Debug|Any CPU
		{0EAA22D4-3D21-40E2-9850-7EE31CD991F8}.Release|Any CPU.ActiveCfg = Release|Any CPU
		{0EAA22D4-3D21-40E2-9850-7EE31CD991F8}.Release|Any CPU.Build.0 = Release|Any CPU
		{751840F6-B19A-49E7-B0A2-F879CC0F6935}.Debug|Any CPU.ActiveCfg = Debug|Any CPU
		{751840F6-B19A-49E7-B0A2-F879CC0F6935}.Debug|Any CPU.Build.0 = Debug|Any CPU
		{751840F6-B19A-49E7-B0A2-F879CC0F6935}.Release|Any CPU.ActiveCfg = Release|Any CPU
		{751840F6-B19A-49E7-B0A2-F879CC0F6935}.Release|Any CPU.Build.0 = Release|Any CPU
		{0D5783A4-D709-4730-A5D8-B139E727EF27}.Debug|Any CPU.ActiveCfg = Debug|Any CPU
		{0D5783A4-D709-4730-A5D8-B139E727EF27}.Debug|Any CPU.Build.0 = Debug|Any CPU
		{0D5783A4-D709-4730-A5D8-B139E727EF27}.Release|Any CPU.ActiveCfg = Release|Any CPU
		{0D5783A4-D709-4730-A5D8-B139E727EF27}.Release|Any CPU.Build.0 = Release|Any CPU
		{D383A894-4682-4028-B0E6-F84A62F22E7B}.Debug|Any CPU.ActiveCfg = Debug|Any CPU
		{D383A894-4682-4028-B0E6-F84A62F22E7B}.Debug|Any CPU.Build.0 = Debug|Any CPU
		{D383A894-4682-4028-B0E6-F84A62F22E7B}.Release|Any CPU.ActiveCfg = Release|Any CPU
		{D383A894-4682-4028-B0E6-F84A62F22E7B}.Release|Any CPU.Build.0 = Release|Any CPU
		{73805AF1-C9A1-4C15-BB4D-D576A31F69DF}.Debug|Any CPU.ActiveCfg = Debug|Any CPU
		{73805AF1-C9A1-4C15-BB4D-D576A31F69DF}.Debug|Any CPU.Build.0 = Debug|Any CPU
		{73805AF1-C9A1-4C15-BB4D-D576A31F69DF}.Release|Any CPU.ActiveCfg = Release|Any CPU
		{73805AF1-C9A1-4C15-BB4D-D576A31F69DF}.Release|Any CPU.Build.0 = Release|Any CPU
	EndGlobalSection
	GlobalSection(SolutionProperties) = preSolution
		HideSolutionNode = FALSE
	EndGlobalSection
	GlobalSection(ExtensibilityGlobals) = postSolution
		SolutionGuid = {8E541722-2818-45AD-9570-BA2D8F608BDE}
	EndGlobalSection
EndGlobal
